
Microsoft Visual Studio Solution File, Format Version 12.00
# Visual Studio Version 17
VisualStudioVersion = 17.5.2.0
MinimumVisualStudioVersion = 10.0.40219.1
Project("{2150E333-8FDC-42A3-9474-1A3956D46DE8}") = "src", "src", "{827E0CD3-B72D-47B6-A68D-7590B98EB39B}"
EndProject
Project("{FAE04EC0-301F-11D3-BF4B-00C04F79EFBC}") = "RackApi", "src\RackApi.csproj", "{5BFC1DF2-0121-4444-BC58-081C0F6AD755}"
EndProject
Project("{FAE04EC0-301F-11D3-BF4B-00C04F79EFBC}") = "test", "test\test.csproj", "{F358839D-3415-4307-9786-51E8A0AA474A}"
EndProject
Global
	GlobalSection(SolutionConfigurationPlatforms) = preSolution
		Debug|Any CPU = Debug|Any CPU
		Debug|x64 = Debug|x64
		Debug|x86 = Debug|x86
		Release|Any CPU = Release|Any CPU
		Release|x64 = Release|x64
		Release|x86 = Release|x86
	EndGlobalSection
	GlobalSection(ProjectConfigurationPlatforms) = postSolution
		{5BFC1DF2-0121-4444-BC58-081C0F6AD755}.Debug|Any CPU.ActiveCfg = Debug|Any CPU
		{5BFC1DF2-0121-4444-BC58-081C0F6AD755}.Debug|Any CPU.Build.0 = Debug|Any CPU
		{5BFC1DF2-0121-4444-BC58-081C0F6AD755}.Debug|x64.ActiveCfg = Debug|Any CPU
		{5BFC1DF2-0121-4444-BC58-081C0F6AD755}.Debug|x64.Build.0 = Debug|Any CPU
		{5BFC1DF2-0121-4444-BC58-081C0F6AD755}.Debug|x86.ActiveCfg = Debug|Any CPU
		{5BFC1DF2-0121-4444-BC58-081C0F6AD755}.Debug|x86.Build.0 = Debug|Any CPU
		{5BFC1DF2-0121-4444-BC58-081C0F6AD755}.Release|Any CPU.ActiveCfg = Release|Any CPU
		{5BFC1DF2-0121-4444-BC58-081C0F6AD755}.Release|Any CPU.Build.0 = Release|Any CPU
		{5BFC1DF2-0121-4444-BC58-081C0F6AD755}.Release|x64.ActiveCfg = Release|Any CPU
		{5BFC1DF2-0121-4444-BC58-081C0F6AD755}.Release|x64.Build.0 = Release|Any CPU
		{5BFC1DF2-0121-4444-BC58-081C0F6AD755}.Release|x86.ActiveCfg = Release|Any CPU
		{5BFC1DF2-0121-4444-BC58-081C0F6AD755}.Release|x86.Build.0 = Release|Any CPU
		{F358839D-3415-4307-9786-51E8A0AA474A}.Debug|Any CPU.ActiveCfg = Debug|Any CPU
		{F358839D-3415-4307-9786-51E8A0AA474A}.Debug|Any CPU.Build.0 = Debug|Any CPU
		{F358839D-3415-4307-9786-51E8A0AA474A}.Debug|x64.ActiveCfg = Debug|Any CPU
		{F358839D-3415-4307-9786-51E8A0AA474A}.Debug|x64.Build.0 = Debug|Any CPU
		{F358839D-3415-4307-9786-51E8A0AA474A}.Debug|x86.ActiveCfg = Debug|Any CPU
		{F358839D-3415-4307-9786-51E8A0AA474A}.Debug|x86.Build.0 = Debug|Any CPU
		{F358839D-3415-4307-9786-51E8A0AA474A}.Release|Any CPU.ActiveCfg = Release|Any CPU
		{F358839D-3415-4307-9786-51E8A0AA474A}.Release|Any CPU.Build.0 = Release|Any CPU
		{F358839D-3415-4307-9786-51E8A0AA474A}.Release|x64.ActiveCfg = Release|Any CPU
		{F358839D-3415-4307-9786-51E8A0AA474A}.Release|x64.Build.0 = Release|Any CPU
		{F358839D-3415-4307-9786-51E8A0AA474A}.Release|x86.ActiveCfg = Release|Any CPU
		{F358839D-3415-4307-9786-51E8A0AA474A}.Release|x86.Build.0 = Release|Any CPU
	EndGlobalSection
	GlobalSection(SolutionProperties) = preSolution
		HideSolutionNode = FALSE
	EndGlobalSection
	GlobalSection(NestedProjects) = preSolution
		{5BFC1DF2-0121-4444-BC58-081C0F6AD755} = {827E0CD3-B72D-47B6-A68D-7590B98EB39B}
	EndGlobalSection
	GlobalSection(ExtensibilityGlobals) = postSolution
		SolutionGuid = {34B3063F-6248-4A70-9EA5-411FB32B12BF}
	EndGlobalSection
EndGlobal
