Microsoft Visual Studio Solution File, Format Version 12.00
# Visual Studio Version 17
VisualStudioVersion = 17.5.2.0
MinimumVisualStudioVersion = 10.0.40219.1
Project("{FAE04EC0-301F-11D3-BF4B-00C04F79EFBC}") = "RackApi", "RackApi.csproj", "{12E2700C-6D8E-400D-10C7-EE4A32E1A85E}"
EndProject
Global
	GlobalSection(SolutionConfigurationPlatforms) = preSolution
		Debug|Any CPU = Debug|Any CPU
		Release|Any CPU = Release|Any CPU
	EndGlobalSection
	GlobalSection(ProjectConfigurationPlatforms) = postSolution
		{12E2700C-6D8E-400D-10C7-EE4A32E1A85E}.Debug|Any CPU.ActiveCfg = Debug|Any CPU
		{12E2700C-6D8E-400D-10C7-EE4A32E1A85E}.Debug|Any CPU.Build.0 = Debug|Any CPU
		{12E2700C-6D8E-400D-10C7-EE4A32E1A85E}.Release|Any CPU.ActiveCfg = Release|Any CPU
		{12E2700C-6D8E-400D-10C7-EE4A32E1A85E}.Release|Any CPU.Build.0 = Release|Any CPU
	EndGlobalSection
	GlobalSection(SolutionProperties) = preSolution
		HideSolutionNode = FALSE
	EndGlobalSection
	GlobalSection(ExtensibilityGlobals) = postSolution
		SolutionGuid = {34B3063F-6248-4A70-9EA5-411FB32B12BF}
	EndGlobalSection
EndGlobal
